{
  "version": 4,
  "terraform_version": "1.8.3",
  "serial": 1,
  "lineage": "0ed7263d-4757-31ab-7d55-c9a2cd19b5a8",
  "outputs": {},
  "resources": [
    {
      "mode": "managed",
      "type": "github_repository",
      "name": "terraform-first-repo",
      "provider": "provider[\"registry.terraform.io/hashicorp/github\"]",
      "instances": [
        {
          "schema_version": 1,
          "attributes": {
            "allow_auto_merge": false,
            "allow_merge_commit": true,
            "allow_rebase_merge": true,
            "allow_squash_merge": true,
            "allow_update_branch": false,
            "archive_on_destroy": null,
            "archived": false,
            "auto_init": true,
            "default_branch": "main",
            "delete_branch_on_merge": false,
            "description": "My awesome Devops base",
            "etag": "W/\"d597d530037c6b4cc7bdecd27809cb0615453c2a7a075198de78254d9281a73d\"",
            "full_name": "mayaworld13/created-using-terraform",
            "git_clone_url": "git://github.com/mayaworld13/created-using-terraform.git",
            "gitignore_template": null,
            "has_discussions": false,
            "has_downloads": false,
            "has_issues": false,
            "has_projects": false,
            "has_wiki": false,
            "homepage_url": "",
            "html_url": "https://github.com/mayaworld13/created-using-terraform",
            "http_clone_url": "https://github.com/mayaworld13/created-using-terraform.git",
            "id": "created-using-terraform",
            "ignore_vulnerability_alerts_during_read": null,
            "is_template": false,
            "license_template": null,
            "merge_commit_message": "PR_TITLE",
            "merge_commit_title": "MERGE_MESSAGE",
            "name": "created-using-terraform",
            "node_id": "R_kgDOL-B2ag",
            "pages": [],
            "primary_language": "",
            "private": false,
            "repo_id": 803239530,
            "security_and_analysis": [
              {
                "advanced_security": [],
                "secret_scanning": [
                  {
                    "status": "enabled"
                  }
                ],
                "secret_scanning_push_protection": [
                  {
                    "status": "enabled"
                  }
                ]
              }
            ],
            "squash_merge_commit_message": "COMMIT_MESSAGES",
            "squash_merge_commit_title": "COMMIT_OR_PR_TITLE",
            "ssh_clone_url": "git@github.com:mayaworld13/created-using-terraform.git",
            "svn_url": "https://github.com/mayaworld13/created-using-terraform",
            "template": [],
            "topics": [],
            "visibility": "public",
            "vulnerability_alerts": false,
            "web_commit_signoff_required": false
          },
          "sensitive_attributes": [],
          "private": "eyJzY2hlbWFfdmVyc2lvbiI6IjEifQ=="
        }
      ]
    }
  ],
  "check_results": null
}
